
Microsoft Visual Studio Solution File, Format Version 12.00
# Visual Studio Version 16
VisualStudioVersion = 16.0.29613.14
MinimumVisualStudioVersion = 10.0.40219.1
Project("{E24C65DC-7377-472B-9ABA-BC803B73C61A}") = "Kursrechner", "Kursrechner\", "{52B4928B-47A1-457F-B787-DD28911A25A9}"
	ProjectSection(WebsiteProperties) = preProject
		TargetFrameworkMoniker = ".NETFramework,Version%3Dv4.6.1"
		Debug.AspNetCompiler.VirtualPath = "/localhost_51346"
		Debug.AspNetCompiler.PhysicalPath = "Kursrechner\"
		Debug.AspNetCompiler.TargetPath = "PrecompiledWeb\localhost_51346\"
		Debug.AspNetCompiler.Updateable = "true"
		Debug.AspNetCompiler.ForceOverwrite = "true"
		Debug.AspNetCompiler.FixedNames = "false"
		Debug.AspNetCompiler.Debug = "True"
		Release.AspNetCompiler.VirtualPath = "/localhost_51346"
		Release.AspNetCompiler.PhysicalPath = "Kursrechner\"
		Release.AspNetCompiler.TargetPath = "PrecompiledWeb\localhost_51346\"
		Release.AspNetCompiler.Updateable = "true"
		Release.AspNetCompiler.ForceOverwrite = "true"
		Release.AspNetCompiler.FixedNames = "false"
		Release.AspNetCompiler.Debug = "False"
		VWDPort = "51346"
		SlnRelativePath = "Kursrechner\"
	EndProjectSection
EndProject
Global
	GlobalSection(SolutionConfigurationPlatforms) = preSolution
		Debug|Any CPU = Debug|Any CPU
	EndGlobalSection
	GlobalSection(ProjectConfigurationPlatforms) = postSolution
		{52B4928B-47A1-457F-B787-DD28911A25A9}.Debug|Any CPU.ActiveCfg = Debug|Any CPU
		{52B4928B-47A1-457F-B787-DD28911A25A9}.Debug|Any CPU.Build.0 = Debug|Any CPU
	EndGlobalSection
	GlobalSection(SolutionProperties) = preSolution
		HideSolutionNode = FALSE
	EndGlobalSection
	GlobalSection(ExtensibilityGlobals) = postSolution
		SolutionGuid = {352C7301-DE7C-47F0-87D1-62CD9FEA690E}
	EndGlobalSection
EndGlobal
